{
  "pins" : [
    {
      "identity" : "emissarykit",
      "kind" : "remoteSourceControl",
      "location" : "https://github.com/9t29zhmwdh-coder/EmissaryKit.git",
      "state" : {
        "revision" : "8940e5700d57d2cf35e01e3ad01a257ea9369a0f",
        "version" : "1.2.0"
      }
    }
  ],
  "version" : 2
}
